// !$*UTF8*$!
{
	archiveVersion = 1;
	classes = {
	};
	objectVersion = 51;
	objects = {

/* Begin PBXBuildFile section */
		491CC6A124BE52C4005245CC /* AppDelegate.swift in Sources */ = {isa = PBXBuildFile; fileRef = 491CC6A024BE52C4005245CC /* AppDelegate.swift */; };
		491CC6A524BE52C4005245CC /* TreeViewController.swift in Sources */ = {isa = PBXBuildFile; fileRef = 491CC6A424BE52C4005245CC /* TreeViewController.swift */; };
		491CC6AA24BE52C6005245CC /* Assets.xcassets in Resources */ = {isa = PBXBuildFile; fileRef = 491CC6A924BE52C6005245CC /* Assets.xcassets */; };
		491CC6AD24BE52C6005245CC /* LaunchScreen.storyboard in Resources */ = {isa = PBXBuildFile; fileRef = 491CC6AB24BE52C6005245CC /* LaunchScreen.storyboard */; };
		49CF30AC24BF1E9900BD5298 /* TreeViewPresenter.swift in Sources */ = {isa = PBXBuildFile; fileRef = 49CF30AB24BF1E9900BD5298 /* TreeViewPresenter.swift */; };
		4C660ADB11E30E53E21D5215 /* Pods_SuperTreeView.framework in Frameworks */ = {isa = PBXBuildFile; fileRef = B6A7911B0096059F3570C466 /* Pods_SuperTreeView.framework */; };
/* End PBXBuildFile section */

/* Begin PBXFileReference section */
		3E3431A59113A45CE2A4DE2E /* Pods-SuperTreeView.release.xcconfig */ = {isa = PBXFileReference; includeInIndex = 1; lastKnownFileType = text.xcconfig; name = "Pods-SuperTreeView.release.xcconfig"; path = "Target Support Files/Pods-SuperTreeView/Pods-SuperTreeView.release.xcconfig"; sourceTree = "<group>"; };
		491CC69D24BE52C4005245CC /* SuperTreeView.app */ = {isa = PBXFileReference; explicitFileType = wrapper.application; includeInIndex = 0; path = SuperTreeView.app; sourceTree = BUILT_PRODUCTS_DIR; };
		491CC6A024BE52C4005245CC /* AppDelegate.swift */ = {isa = PBXFileReference; lastKnownFileType = sourcecode.swift; path = AppDelegate.swift; sourceTree = "<group>"; };
		491CC6A424BE52C4005245CC /* TreeViewController.swift */ = {isa = PBXFileReference; lastKnownFileType = sourcecode.swift; path = TreeViewController.swift; sourceTree = "<group>"; };
		491CC6A924BE52C6005245CC /* Assets.xcassets */ = {isa = PBXFileReference; lastKnownFileType = folder.assetcatalog; path = Assets.xcassets; sourceTree = "<group>"; };
		491CC6AC24BE52C6005245CC /* Base */ = {isa = PBXFileReference; lastKnownFileType = file.storyboard; name = Base; path = Base.lproj/LaunchScreen.storyboard; sourceTree = "<group>"; };
		491CC6AE24BE52C6005245CC /* Info.plist */ = {isa = PBXFileReference; lastKnownFileType = text.plist.xml; path = Info.plist; sourceTree = "<group>"; };
		49CF30AB24BF1E9900BD5298 /* TreeViewPresenter.swift */ = {isa = PBXFileReference; lastKnownFileType = sourcecode.swift; path = TreeViewPresenter.swift; sourceTree = "<group>"; };
		B6A7911B0096059F3570C466 /* Pods_SuperTreeView.framework */ = {isa = PBXFileReference; explicitFileType = wrapper.framework; includeInIndex = 0; path = Pods_SuperTreeView.framework; sourceTree = BUILT_PRODUCTS_DIR; };
		B88393876E8DB4F624D365D6 /* Pods-SuperTreeView.debug.xcconfig */ = {isa = PBXFileReference; includeInIndex = 1; lastKnownFileType = text.xcconfig; name = "Pods-SuperTreeView.debug.xcconfig"; path = "Target Support Files/Pods-SuperTreeView/Pods-SuperTreeView.debug.xcconfig"; sourceTree = "<group>"; };
/* End PBXFileReference section */

/* Begin PBXFrameworksBuildPhase section */
		491CC69A24BE52C4005245CC /* Frameworks */ = {
			isa = PBXFrameworksBuildPhase;
			buildActionMask = 2147483647;
			files = (
				4C660ADB11E30E53E21D5215 /* Pods_SuperTreeView.framework in Frameworks */,
			);
			runOnlyForDeploymentPostprocessing = 0;
		};
/* End PBXFrameworksBuildPhase section */

/* Begin PBXGroup section */
		491CC69424BE52C4005245CC = {
			isa = PBXGroup;
			children = (
				491CC69F24BE52C4005245CC /* SuperTreeView */,
				491CC69E24BE52C4005245CC /* Products */,
				806D6AE15FBEEED796FAFFCD /* Pods */,
				827C0106802F6A1AEB6C721A /* Frameworks */,
			);
			sourceTree = "<group>";
		};
		491CC69E24BE52C4005245CC /* Products */ = {
			isa = PBXGroup;
			children = (
				491CC69D24BE52C4005245CC /* SuperTreeView.app */,
			);
			name = Products;
			sourceTree = "<group>";
		};
		491CC69F24BE52C4005245CC /* SuperTreeView */ = {
			isa = PBXGroup;
			children = (
				491CC6A024BE52C4005245CC /* AppDelegate.swift */,
				491CC6A424BE52C4005245CC /* TreeViewController.swift */,
				49CF30AB24BF1E9900BD5298 /* TreeViewPresenter.swift */,
				491CC6A924BE52C6005245CC /* Assets.xcassets */,
				491CC6AB24BE52C6005245CC /* LaunchScreen.storyboard */,
				491CC6AE24BE52C6005245CC /* Info.plist */,
			);
			path = SuperTreeView;
			sourceTree = "<group>";
		};
		806D6AE15FBEEED796FAFFCD /* Pods */ = {
			isa = PBXGroup;
			children = (
				B88393876E8DB4F624D365D6 /* Pods-SuperTreeView.debug.xcconfig */,
				3E3431A59113A45CE2A4DE2E /* Pods-SuperTreeView.release.xcconfig */,
			);
			path = Pods;
			sourceTree = "<group>";
		};
		827C0106802F6A1AEB6C721A /* Frameworks */ = {
			isa = PBXGroup;
			children = (
				B6A7911B0096059F3570C466 /* Pods_SuperTreeView.framework */,
			);
			name = Frameworks;
			sourceTree = "<group>";
		};
/* End PBXGroup section */

/* Begin PBXNativeTarget section */
		491CC69C24BE52C4005245CC /* SuperTreeView */ = {
			isa = PBXNativeTarget;
			buildConfigurationList = 491CC6B124BE52C6005245CC /* Build configuration list for PBXNativeTarget "SuperTreeView" */;
			buildPhases = (
				B4DD58F2812A41E60E021D49 /* [CP] Check Pods Manifest.lock */,
				491CC69924BE52C4005245CC /* Sources */,
				491CC69A24BE52C4005245CC /* Frameworks */,
				491CC69B24BE52C4005245CC /* Resources */,
				36CB3AF17DBFACB706F7437A /* [CP] Embed Pods Frameworks */,
			);
			buildRules = (
			);
			dependencies = (
			);
			name = SuperTreeView;
			productName = SuperTreeView;
			productReference = 491CC69D24BE52C4005245CC /* SuperTreeView.app */;
			productType = "com.apple.product-type.application";
		};
/* End PBXNativeTarget section */

/* Begin PBXProject section */
		491CC69524BE52C4005245CC /* Project object */ = {
			isa = PBXProject;
			attributes = {
				LastSwiftUpdateCheck = 1150;
				LastUpgradeCheck = 1150;
				ORGANIZATIONNAME = Andrew;
				TargetAttributes = {
					491CC69C24BE52C4005245CC = {
						CreatedOnToolsVersion = 11.5;
					};
				};
			};
			buildConfigurationList = 491CC69824BE52C4005245CC /* Build configuration list for PBXProject "SuperTreeView" */;
			compatibilityVersion = "Xcode 9.3";
			developmentRegion = en;
			hasScannedForEncodings = 0;
			knownRegions = (
				en,
				Base,
			);
			mainGroup = 491CC69424BE52C4005245CC;
			productRefGroup = 491CC69E24BE52C4005245CC /* Products */;
			projectDirPath = "";
			projectRoot = "";
			targets = (
				491CC69C24BE52C4005245CC /* SuperTreeView */,
			);
		};
/* End PBXProject section */

/* Begin PBXResourcesBuildPhase section */
		491CC69B24BE52C4005245CC /* Resources */ = {
			isa = PBXResourcesBuildPhase;
			buildActionMask = 2147483647;
			files = (
				491CC6AD24BE52C6005245CC /* LaunchScreen.storyboard in Resources */,
				491CC6AA24BE52C6005245CC /* Assets.xcassets in Resources */,
			);
			runOnlyForDeploymentPostprocessing = 0;
		};
/* End PBXResourcesBuildPhase section */

/* Begin PBXShellScriptBuildPhase section */
		36CB3AF17DBFACB706F7437A /* [CP] Embed Pods Frameworks */ = {
			isa = PBXShellScriptBuildPhase;
			buildActionMask = 2147483647;
			files = (
			);
			inputFileListPaths = (
				"${PODS_ROOT}/Target Support Files/Pods-SuperTreeView/Pods-SuperTreeView-frameworks-${CONFIGURATION}-input-files.xcfilelist",
			);
			name = "[CP] Embed Pods Frameworks";
			outputFileListPaths = (
				"${PODS_ROOT}/Target Support Files/Pods-SuperTreeView/Pods-SuperTreeView-frameworks-${CONFIGURATION}-output-files.xcfilelist",
			);
			runOnlyForDeploymentPostprocessing = 0;
			shellPath = /bin/sh;
			shellScript = "\"${PODS_ROOT}/Target Support Files/Pods-SuperTreeView/Pods-SuperTreeView-frameworks.sh\"\n";
			showEnvVarsInLog = 0;
		};
		B4DD58F2812A41E60E021D49 /* [CP] Check Pods Manifest.lock */ = {
			isa = PBXShellScriptBuildPhase;
			buildActionMask = 2147483647;
			files = (
			);
			inputFileListPaths = (
			);
			inputPaths = (
				"${PODS_PODFILE_DIR_PATH}/Podfile.lock",
				"${PODS_ROOT}/Manifest.lock",
			);
			name = "[CP] Check Pods Manifest.lock";
			outputFileListPaths = (
			);
			outputPaths = (
				"$(DERIVED_FILE_DIR)/Pods-SuperTreeView-checkManifestLockResult.txt",
			);
			runOnlyForDeploymentPostprocessing = 0;
			shellPath = /bin/sh;
			shellScript = "diff \"${PODS_PODFILE_DIR_PATH}/Podfile.lock\" \"${PODS_ROOT}/Manifest.lock\" > /dev/null\nif [ $? != 0 ] ; then\n    # print error to STDERR\n    echo \"error: The sandbox is not in sync with the Podfile.lock. Run 'pod install' or update your CocoaPods installation.\" >&2\n    exit 1\nfi\n# This output is used by Xcode 'outputs' to avoid re-running this script phase.\necho \"SUCCESS\" > \"${SCRIPT_OUTPUT_FILE_0}\"\n";
			showEnvVarsInLog = 0;
		};
/* End PBXShellScriptBuildPhase section */

/* Begin PBXSourcesBuildPhase section */
		491CC69924BE52C4005245CC /* Sources */ = {
			isa = PBXSourcesBuildPhase;
			buildActionMask = 2147483647;
			files = (
				491CC6A524BE52C4005245CC /* TreeViewController.swift in Sources */,
				49CF30AC24BF1E9900BD5298 /* TreeViewPresenter.swift in Sources */,
				491CC6A124BE52C4005245CC /* AppDelegate.swift in Sources */,
			);
			runOnlyForDeploymentPostprocessing = 0;
		};
/* End PBXSourcesBuildPhase section */

/* Begin PBXVariantGroup section */
		491CC6AB24BE52C6005245CC /* LaunchScreen.storyboard */ = {
			isa = PBXVariantGroup;
			children = (
				491CC6AC24BE52C6005245CC /* Base */,
			);
			name = LaunchScreen.storyboard;
			sourceTree = "<group>";
		};
/* End PBXVariantGroup section */

/* Begin XCBuildConfiguration section */
		491CC6AF24BE52C6005245CC /* Debug */ = {
			isa = XCBuildConfiguration;
			buildSettings = {
				ALWAYS_SEARCH_USER_PATHS = NO;
				CLANG_ANALYZER_NONNULL = YES;
				CLANG_ANALYZER_NUMBER_OBJECT_CONVERSION = YES_AGGRESSIVE;
				CLANG_CXX_LANGUAGE_STANDARD = "gnu++14";
				CLANG_CXX_LIBRARY = "libc++";
				CLANG_ENABLE_MODULES = YES;
				CLANG_ENABLE_OBJC_ARC = YES;
				CLANG_ENABLE_OBJC_WEAK = YES;
				CLANG_WARN_BLOCK_CAPTURE_AUTORELEASING = YES;
				CLANG_WARN_BOOL_CONVERSION = YES;
				CLANG_WARN_COMMA = YES;
				CLANG_WARN_CONSTANT_CONVERSION = YES;
				CLANG_WARN_DEPRECATED_OBJC_IMPLEMENTATIONS = YES;
				CLANG_WARN_DIRECT_OBJC_ISA_USAGE = YES_ERROR;
				CLANG_WARN_DOCUMENTATION_COMMENTS = YES;
				CLANG_WARN_EMPTY_BODY = YES;
				CLANG_WARN_ENUM_CONVERSION = YES;
				CLANG_WARN_INFINITE_RECURSION = YES;
				CLANG_WARN_INT_CONVERSION = YES;
				CLANG_WARN_NON_LITERAL_NULL_CONVERSION = YES;
				CLANG_WARN_OBJC_IMPLICIT_RETAIN_SELF = YES;
				CLANG_WARN_OBJC_LITERAL_CONVERSION = YES;
				CLANG_WARN_OBJC_ROOT_CLASS = YES_ERROR;
				CLANG_WARN_RANGE_LOOP_ANALYSIS = YES;
				CLANG_WARN_STRICT_PROTOTYPES = YES;
				CLANG_WARN_SUSPICIOUS_MOVE = YES;
				CLANG_WARN_UNGUARDED_AVAILABILITY = YES_AGGRESSIVE;
				CLANG_WARN_UNREACHABLE_CODE = YES;
				CLANG_WARN__DUPLICATE_METHOD_MATCH = YES;
				COPY_PHASE_STRIP = NO;
				DEBUG_INFORMATION_FORMAT = dwarf;
				ENABLE_STRICT_OBJC_MSGSEND = YES;
				ENABLE_TESTABILITY = YES;
				GCC_C_LANGUAGE_STANDARD = gnu11;
				GCC_DYNAMIC_NO_PIC = NO;
				GCC_NO_COMMON_BLOCKS = YES;
				GCC_OPTIMIZATION_LEVEL = 0;
				GCC_PREPROCESSOR_DEFINITIONS = (
					"DEBUG=1",
					"$(inherited)",
				);
				GCC_WARN_64_TO_32_BIT_CONVERSION = YES;
				GCC_WARN_ABOUT_RETURN_TYPE = YES_ERROR;
				GCC_WARN_UNDECLARED_SELECTOR = YES;
				GCC_WARN_UNINITIALIZED_AUTOS = YES_AGGRESSIVE;
				GCC_WARN_UNUSED_FUNCTION = YES;
				GCC_WARN_UNUSED_VARIABLE = YES;
				IPHONEOS_DEPLOYMENT_TARGET = 12.4;
				MTL_ENABLE_DEBUG_INFO = INCLUDE_SOURCE;
				MTL_FAST_MATH = YES;
				ONLY_ACTIVE_ARCH = YES;
				SDKROOT = iphoneos;
				SWIFT_ACTIVE_COMPILATION_CONDITIONS = DEBUG;
				SWIFT_OPTIMIZATION_LEVEL = "-Onone";
			};
			name = Debug;
		};
		491CC6B024BE52C6005245CC /* Release */ = {
			isa = XCBuildConfiguration;
			buildSettings = {
				ALWAYS_SEARCH_USER_PATHS = NO;
				CLANG_ANALYZER_NONNULL = YES;
				CLANG_ANALYZER_NUMBER_OBJECT_CONVERSION = YES_AGGRESSIVE;
				CLANG_CXX_LANGUAGE_STANDARD = "gnu++14";
				CLANG_CXX_LIBRARY = "libc++";
				CLANG_ENABLE_MODULES = YES;
				CLANG_ENABLE_OBJC_ARC = YES;
				CLANG_ENABLE_OBJC_WEAK = YES;
				CLANG_WARN_BLOCK_CAPTURE_AUTORELEASING = YES;
				CLANG_WARN_BOOL_CONVERSION = YES;
				CLANG_WARN_COMMA = YES;
				CLANG_WARN_CONSTANT_CONVERSION = YES;
				CLANG_WARN_DEPRECATED_OBJC_IMPLEMENTATIONS = YES;
				CLANG_WARN_DIRECT_OBJC_ISA_USAGE = YES_ERROR;
				CLANG_WARN_DOCUMENTATION_COMMENTS = YES;
				CLANG_WARN_EMPTY_BODY = YES;
				CLANG_WARN_ENUM_CONVERSION = YES;
				CLANG_WARN_INFINITE_RECURSION = YES;
				CLANG_WARN_INT_CONVERSION = YES;
				CLANG_WARN_NON_LITERAL_NULL_CONVERSION = YES;
				CLANG_WARN_OBJC_IMPLICIT_RETAIN_SELF = YES;
				CLANG_WARN_OBJC_LITERAL_CONVERSION = YES;
				CLANG_WARN_OBJC_ROOT_CLASS = YES_ERROR;
				CLANG_WARN_RANGE_LOOP_ANALYSIS = YES;
				CLANG_WARN_STRICT_PROTOTYPES = YES;
				CLANG_WARN_SUSPICIOUS_MOVE = YES;
				CLANG_WARN_UNGUARDED_AVAILABILITY = YES_AGGRESSIVE;
				CLANG_WARN_UNREACHABLE_CODE = YES;
				CLANG_WARN__DUPLICATE_METHOD_MATCH = YES;
				COPY_PHASE_STRIP = NO;
				DEBUG_INFORMATION_FORMAT = "dwarf-with-dsym";
				ENABLE_NS_ASSERTIONS = NO;
				ENABLE_STRICT_OBJC_MSGSEND = YES;
				GCC_C_LANGUAGE_STANDARD = gnu11;
				GCC_NO_COMMON_BLOCKS = YES;
				GCC_WARN_64_TO_32_BIT_CONVERSION = YES;
				GCC_WARN_ABOUT_RETURN_TYPE = YES_ERROR;
				GCC_WARN_UNDECLARED_SELECTOR = YES;
				GCC_WARN_UNINITIALIZED_AUTOS = YES_AGGRESSIVE;
				GCC_WARN_UNUSED_FUNCTION = YES;
				GCC_WARN_UNUSED_VARIABLE = YES;
				IPHONEOS_DEPLOYMENT_TARGET = 12.4;
				MTL_ENABLE_DEBUG_INFO = NO;
				MTL_FAST_MATH = YES;
				SDKROOT = iphoneos;
				SWIFT_COMPILATION_MODE = wholemodule;
				SWIFT_OPTIMIZATION_LEVEL = "-O";
				VALIDATE_PRODUCT = YES;
			};
			name = Release;
		};
		491CC6B224BE52C6005245CC /* Debug */ = {
			isa = XCBuildConfiguration;
			baseConfigurationReference = B88393876E8DB4F624D365D6 /* Pods-SuperTreeView.debug.xcconfig */;
			buildSettings = {
				ASSETCATALOG_COMPILER_APPICON_NAME = AppIcon;
				CODE_SIGN_STYLE = Automatic;
				DEVELOPMENT_TEAM = GKK9BFF346;
				INFOPLIST_FILE = SuperTreeView/Info.plist;
				LD_RUNPATH_SEARCH_PATHS = (
					"$(inherited)",
					"@executable_path/Frameworks",
				);
				PRODUCT_BUNDLE_IDENTIFIER = ru.proarttherapy.SuperTreeView;
				PRODUCT_NAME = "$(TARGET_NAME)";
				SWIFT_VERSION = 5.0;
				TARGETED_DEVICE_FAMILY = "1,2";
			};
			name = Debug;
		};
		491CC6B324BE52C6005245CC /* Release */ = {
			isa = XCBuildConfiguration;
			baseConfigurationReference = 3E3431A59113A45CE2A4DE2E /* Pods-SuperTreeView.release.xcconfig */;
			buildSettings = {
				ASSETCATALOG_COMPILER_APPICON_NAME = AppIcon;
				CODE_SIGN_STYLE = Automatic;
				DEVELOPMENT_TEAM = GKK9BFF346;
				INFOPLIST_FILE = SuperTreeView/Info.plist;
				LD_RUNPATH_SEARCH_PATHS = (
					"$(inherited)",
					"@executable_path/Frameworks",
				);
				PRODUCT_BUNDLE_IDENTIFIER = ru.proarttherapy.SuperTreeView;
				PRODUCT_NAME = "$(TARGET_NAME)";
				SWIFT_VERSION = 5.0;
				TARGETED_DEVICE_FAMILY = "1,2";
			};
			name = Release;
		};
/* End XCBuildConfiguration section */

/* Begin XCConfigurationList section */
		491CC69824BE52C4005245CC /* Build configuration list for PBXProject "SuperTreeView" */ = {
			isa = XCConfigurationList;
			buildConfigurations = (
				491CC6AF24BE52C6005245CC /* Debug */,
				491CC6B024BE52C6005245CC /* Release */,
			);
			defaultConfigurationIsVisible = 0;
			defaultConfigurationName = Release;
		};
		491CC6B124BE52C6005245CC /* Build configuration list for PBXNativeTarget "SuperTreeView" */ = {
			isa = XCConfigurationList;
			buildConfigurations = (
				491CC6B224BE52C6005245CC /* Debug */,
				491CC6B324BE52C6005245CC /* Release */,
			);
			defaultConfigurationIsVisible = 0;
			defaultConfigurationName = Release;
		};
/* End XCConfigurationList section */
	};
	rootObject = 491CC69524BE52C4005245CC /* Project object */;
}
